
Microsoft Visual Studio Solution File, Format Version 12.00
# Visual Studio Version 17
VisualStudioVersion = 17.2.32516.85
MinimumVisualStudioVersion = 10.0.40219.1
Project("{FAE04EC0-301F-11D3-BF4B-00C04F79EFBC}") = "SomeTests", "SomeTests\SomeTests.csproj", "{ACEBC713-7346-4992-8D62-00EB7C0D5AAB}"
EndProject
Global
	GlobalSection(SolutionConfigurationPlatforms) = preSolution
		Debug|Any CPU = Debug|Any CPU
		Release|Any CPU = Release|Any CPU
	EndGlobalSection
	GlobalSection(ProjectConfigurationPlatforms) = postSolution
		{ACEBC713-7346-4992-8D62-00EB7C0D5AAB}.Debug|Any CPU.ActiveCfg = Debug|Any CPU
		{ACEBC713-7346-4992-8D62-00EB7C0D5AAB}.Debug|Any CPU.Build.0 = Debug|Any CPU
		{ACEBC713-7346-4992-8D62-00EB7C0D5AAB}.Release|Any CPU.ActiveCfg = Release|Any CPU
		{ACEBC713-7346-4992-8D62-00EB7C0D5AAB}.Release|Any CPU.Build.0 = Release|Any CPU
	EndGlobalSection
	GlobalSection(SolutionProperties) = preSolution
		HideSolutionNode = FALSE
	EndGlobalSection
	GlobalSection(ExtensibilityGlobals) = postSolution
		SolutionGuid = {03B2ECF3-9EB6-4D19-987A-012365197C30}
	EndGlobalSection
EndGlobal
